braces.dev/errtrace v0.4.0 h1:+ruxKCIYhayA06DyNgz+8UE2znL20G6CtqDE7PR72vo=
braces.dev/errtrace v0.4.0/go.mod h1:Zor2Jn83tkhfEdiioKa4efFy62DYcOH06qoIea9QDYs=
github.com/daaku/qrterm v1.0.1 h1:mzpueLVqeNEPbNtsX0Gqu0x8Od1IJ6oJeo/mXfgsiAc=
github.com/daaku/qrterm v1.0.1/go.mod h1:W02JixspwvytltAIKlgem7NyDklwly/yQuzYneDSuLI=
github.com/natefinch/atomic v1.0.1 h1:ZPYKxkqQOx3KZ+RsbnP/YsgvxWQPGxjC0oBt2AhwV0A=
github.com/natefinch/atomic v1.0.1/go.mod h1:N/D/ELrljoqDyT3rZrsUmtsuzvHkeB/wWjHV22AZRbM=
golang.org/x/crypto v0.40.0 h1:r4x+VvoG5Fm+eJcxMaY8CQM7Lb0l1lsmjGBQ6s8BfKM=
golang.org/x/crypto v0.40.0/go.mod h1:Qr1vMER5WyS2dfPHAlsOj01wgLbsyWtFn/aY+5+ZdxY=
golang.org/x/sys v0.34.0 h1:H5Y5sJ2L2JRdyv7ROF1he/lPdvFsd0mJHFw2ThKHxLA=
golang.org/x/sys v0.34.0/go.mod h1:BJP2sWEmIv4KK5OTEluFJCKSidICx8ciO85XgH3Ak8k=
golang.org/x/term v0.33.0 h1:NuFncQrRcaRvVmgRkvM3j/F00gWIAlcmlB8ACEKmGIg=
golang.org/x/term v0.33.0/go.mod h1:s18+ql9tYWp1IfpV9DmCtQDDSRBUjKaw9M1eAv5UeF0=
rsc.io/qr v0.2.0 h1:6vBLea5/NRMVTz8V66gipeLycZMl/+UlFmk8DvqQ6WY=
rsc.io/qr v0.2.0/go.mod h1:IF+uZjkb9fqyeF/4tlBoynqmQxUoPfWEKh921coOuXs=
